
Microsoft Visual Studio Solution File, Format Version 12.00
# Visual Studio Version 17
VisualStudioVersion = 17.8.34511.84
MinimumVisualStudioVersion = 10.0.40219.1
Project("{FAE04EC0-301F-11D3-BF4B-00C04F79EFBC}") = "SSD-Major-Web-Project", "SSD-Major-Web-Project\SSD-Major-Web-Project.csproj", "{9C82C9F5-6F41-4491-9F38-08BD0D6C3DF4}"
EndProject
Global
	GlobalSection(SolutionConfigurationPlatforms) = preSolution
		Debug|Any CPU = Debug|Any CPU
		Release|Any CPU = Release|Any CPU
	EndGlobalSection
	GlobalSection(ProjectConfigurationPlatforms) = postSolution
		{9C82C9F5-6F41-4491-9F38-08BD0D6C3DF4}.Debug|Any CPU.ActiveCfg = Debug|Any CPU
		{9C82C9F5-6F41-4491-9F38-08BD0D6C3DF4}.Debug|Any CPU.Build.0 = Debug|Any CPU
		{9C82C9F5-6F41-4491-9F38-08BD0D6C3DF4}.Release|Any CPU.ActiveCfg = Release|Any CPU
		{9C82C9F5-6F41-4491-9F38-08BD0D6C3DF4}.Release|Any CPU.Build.0 = Release|Any CPU
	EndGlobalSection
	GlobalSection(SolutionProperties) = preSolution
		HideSolutionNode = FALSE
	EndGlobalSection
	GlobalSection(ExtensibilityGlobals) = postSolution
		SolutionGuid = {5EEC3399-8F0A-4EA1-81C9-A874D7ACC53A}
	EndGlobalSection
EndGlobal
